
Microsoft Visual Studio Solution File, Format Version 12.00
# Visual Studio Version 16
VisualStudioVersion = 16.0.29102.190
MinimumVisualStudioVersion = 10.0.40219.1
Project("{8BC9CEB8-8B4A-11D0-8D11-00A0C91BC942}") = "GalaxyProject2.0", "GalaxyProject2.0.vcxproj", "{D98E0B93-0291-4920-AB96-28C18EECE19A}"
EndProject
Global
	GlobalSection(SolutionConfigurationPlatforms) = preSolution
		Debug|x64 = Debug|x64
		Release|x64 = Release|x64
	EndGlobalSection
	GlobalSection(ProjectConfigurationPlatforms) = postSolution
		{D98E0B93-0291-4920-AB96-28C18EECE19A}.Debug|x64.ActiveCfg = Debug|x64
		{D98E0B93-0291-4920-AB96-28C18EECE19A}.Debug|x64.Build.0 = Debug|x64
		{D98E0B93-0291-4920-AB96-28C18EECE19A}.Release|x64.ActiveCfg = Release|x64
		{D98E0B93-0291-4920-AB96-28C18EECE19A}.Release|x64.Build.0 = Release|x64
	EndGlobalSection
	GlobalSection(SolutionProperties) = preSolution
		HideSolutionNode = FALSE
	EndGlobalSection
	GlobalSection(ExtensibilityGlobals) = postSolution
		SolutionGuid = {21BB7CAC-83CB-4365-B9FF-F984CB4F60BD}
	EndGlobalSection
EndGlobal
